
Microsoft Visual Studio Solution File, Format Version 12.00
Project("{FAE04EC0-301F-11D3-BF4B-00C04F79EFBC}") = "ProjectsPlanner", "ProjectsPlanner\ProjectsPlanner.csproj", "{A7DD8609-164B-4EF7-84C6-60FF25DE25CB}"
EndProject
Project("{2150E333-8FDC-42A3-9474-1A3956D46DE8}") = "Solution Items", "Solution Items", "{8C9032D3-E3CE-4D56-AECD-F02CF6D71615}"
	ProjectSection(SolutionItems) = preProject
		docker-compose.yml = docker-compose.yml
	EndProjectSection
EndProject
Project("{FAE04EC0-301F-11D3-BF4B-00C04F79EFBC}") = "Contracts", "Contracts\Contracts.csproj", "{D4391FB9-09DF-4C78-A8FF-766040C74579}"
EndProject
Project("{FAE04EC0-301F-11D3-BF4B-00C04F79EFBC}") = "Storages", "Storages\Storages.csproj", "{E16A71F7-A4F8-44EF-8AA2-4CF03CB15BA6}"
EndProject
Project("{FAE04EC0-301F-11D3-BF4B-00C04F79EFBC}") = "ProjectsScanner", "ProjectsScanner\ProjectsScanner.csproj", "{F64F9B52-4740-4DEB-81BF-DA43623FFE48}"
EndProject
Project("{FAE04EC0-301F-11D3-BF4B-00C04F79EFBC}") = "ProjectLoader", "ProjectLoader\ProjectLoader.csproj", "{ECEFAEEC-8FCE-45ED-A992-287804B6378B}"
EndProject
Global
	GlobalSection(SolutionConfigurationPlatforms) = preSolution
		Debug|Any CPU = Debug|Any CPU
		Release|Any CPU = Release|Any CPU
	EndGlobalSection
	GlobalSection(ProjectConfigurationPlatforms) = postSolution
		{A7DD8609-164B-4EF7-84C6-60FF25DE25CB}.Debug|Any CPU.ActiveCfg = Debug|Any CPU
		{A7DD8609-164B-4EF7-84C6-60FF25DE25CB}.Debug|Any CPU.Build.0 = Debug|Any CPU
		{A7DD8609-164B-4EF7-84C6-60FF25DE25CB}.Release|Any CPU.ActiveCfg = Release|Any CPU
		{A7DD8609-164B-4EF7-84C6-60FF25DE25CB}.Release|Any CPU.Build.0 = Release|Any CPU
		{D4391FB9-09DF-4C78-A8FF-766040C74579}.Debug|Any CPU.ActiveCfg = Debug|Any CPU
		{D4391FB9-09DF-4C78-A8FF-766040C74579}.Debug|Any CPU.Build.0 = Debug|Any CPU
		{D4391FB9-09DF-4C78-A8FF-766040C74579}.Release|Any CPU.ActiveCfg = Release|Any CPU
		{D4391FB9-09DF-4C78-A8FF-766040C74579}.Release|Any CPU.Build.0 = Release|Any CPU
		{E16A71F7-A4F8-44EF-8AA2-4CF03CB15BA6}.Debug|Any CPU.ActiveCfg = Debug|Any CPU
		{E16A71F7-A4F8-44EF-8AA2-4CF03CB15BA6}.Debug|Any CPU.Build.0 = Debug|Any CPU
		{E16A71F7-A4F8-44EF-8AA2-4CF03CB15BA6}.Release|Any CPU.ActiveCfg = Release|Any CPU
		{E16A71F7-A4F8-44EF-8AA2-4CF03CB15BA6}.Release|Any CPU.Build.0 = Release|Any CPU
		{F64F9B52-4740-4DEB-81BF-DA43623FFE48}.Debug|Any CPU.ActiveCfg = Debug|Any CPU
		{F64F9B52-4740-4DEB-81BF-DA43623FFE48}.Debug|Any CPU.Build.0 = Debug|Any CPU
		{F64F9B52-4740-4DEB-81BF-DA43623FFE48}.Release|Any CPU.ActiveCfg = Release|Any CPU
		{F64F9B52-4740-4DEB-81BF-DA43623FFE48}.Release|Any CPU.Build.0 = Release|Any CPU
		{ECEFAEEC-8FCE-45ED-A992-287804B6378B}.Debug|Any CPU.ActiveCfg = Debug|Any CPU
		{ECEFAEEC-8FCE-45ED-A992-287804B6378B}.Debug|Any CPU.Build.0 = Debug|Any CPU
		{ECEFAEEC-8FCE-45ED-A992-287804B6378B}.Release|Any CPU.ActiveCfg = Release|Any CPU
		{ECEFAEEC-8FCE-45ED-A992-287804B6378B}.Release|Any CPU.Build.0 = Release|Any CPU
	EndGlobalSection
EndGlobal
